
Microsoft Visual Studio Solution File, Format Version 12.00
# Visual Studio Version 16
VisualStudioVersion = 16.0.28922.388
MinimumVisualStudioVersion = 10.0.40219.1
Project("{9A19103F-16F7-4668-BE54-9A1E7A4F7556}") = "WebApi", "WebApi\WebApi.csproj", "{A65E572C-4AB5-493E-8EB1-5A172C5AA874}"
EndProject
Project("{2150E333-8FDC-42A3-9474-1A3956D46DE8}") = "Infrastructure", "Infrastructure", "{C864CD8D-A8BD-4CDE-B684-3E0CA69EC3A3}"
EndProject
Project("{2150E333-8FDC-42A3-9474-1A3956D46DE8}") = "Notifications", "Notifications", "{E8FE49D4-4048-477E-BA20-66FA9D123D10}"
EndProject
Project("{2150E333-8FDC-42A3-9474-1A3956D46DE8}") = "Users", "Users", "{C76E3989-D55C-4BE6-AAB4-F924516A5FBE}"
EndProject
Project("{2150E333-8FDC-42A3-9474-1A3956D46DE8}") = "Works", "Works", "{38FDBDB5-6F29-487B-8CB7-C0AE636DB10E}"
EndProject
Project("{9A19103F-16F7-4668-BE54-9A1E7A4F7556}") = "Works.Tests", "Works.Tests\Works.Tests.csproj", "{CBE3AF3B-5DD3-45DB-9DB0-19FA777A87B8}"
EndProject
Project("{9A19103F-16F7-4668-BE54-9A1E7A4F7556}") = "Works.Models", "Works.Models\Works.Models.csproj", "{4E5FEAE4-1762-4120-A507-169365BEF04A}"
EndProject
Project("{9A19103F-16F7-4668-BE54-9A1E7A4F7556}") = "Works.Services", "Works.Services\Works.Services.csproj", "{818BD7FF-1AF6-4323-90AD-ADEE6056D3B8}"
EndProject
Project("{9A19103F-16F7-4668-BE54-9A1E7A4F7556}") = "Works.Shared", "Works.Shared\Works.Shared.csproj", "{351FFDB7-466B-4BED-8A17-E4581BA5C13E}"
EndProject
Project("{2150E333-8FDC-42A3-9474-1A3956D46DE8}") = "Clients", "Clients", "{597F64E3-66A7-428E-BB22-0D366CC3E279}"
EndProject
Project("{9A19103F-16F7-4668-BE54-9A1E7A4F7556}") = "Users.Models", "Users.Models\Users.Models.csproj", "{E514B143-1C2B-43D6-9B73-EB3A9684DE0E}"
EndProject
Project("{9A19103F-16F7-4668-BE54-9A1E7A4F7556}") = "Users.Shared", "Users.Shared\Users.Shared.csproj", "{84143E71-6D21-4B5D-B332-04D277256412}"
EndProject
Project("{9A19103F-16F7-4668-BE54-9A1E7A4F7556}") = "Users.Services", "Users.Services\Users.Services.csproj", "{C2B8D783-613F-4D79-9835-523FAF4646C7}"
EndProject
Project("{9A19103F-16F7-4668-BE54-9A1E7A4F7556}") = "Users.Tests", "Users.Tests\Users.Tests.csproj", "{27711AE6-52E1-4AC6-AD47-2AA11F65F307}"
EndProject
Project("{9A19103F-16F7-4668-BE54-9A1E7A4F7556}") = "Notifications.Models", "Notifications.Models\Notifications.Models.csproj", "{D00BB5F0-126B-4580-B7A5-57EEAD1A5F04}"
EndProject
Project("{9A19103F-16F7-4668-BE54-9A1E7A4F7556}") = "Notifications.Shared", "Notifications.Shared\Notifications.Shared.csproj", "{1E4E6A6D-2A96-47A3-AF04-4E2327FD3CD6}"
EndProject
Project("{9A19103F-16F7-4668-BE54-9A1E7A4F7556}") = "Notifications.Services", "Notifications.Services\Notifications.Services.csproj", "{36C124B7-3BDC-4A80-99A6-72FD99F36930}"
EndProject
Project("{9A19103F-16F7-4668-BE54-9A1E7A4F7556}") = "Notifications.Tests", "Notifications.Tests\Notifications.Tests.csproj", "{18FD0340-8784-41BF-8CFC-A453CB54C374}"
EndProject
Project("{2150E333-8FDC-42A3-9474-1A3956D46DE8}") = "Common", "Common", "{913F79FE-0319-4AEA-B094-501AA19D6EEC}"
EndProject
Project("{9A19103F-16F7-4668-BE54-9A1E7A4F7556}") = "Common.Shared", "Common.Shared\Common.Shared.csproj", "{9FB43BAD-1026-46C4-8DDB-7EB39984911D}"
EndProject
Project("{9A19103F-16F7-4668-BE54-9A1E7A4F7556}") = "Clients.Models", "Clients.Models\Clients.Models.csproj", "{3E075F45-04C3-4043-826A-8428095B912A}"
EndProject
Project("{9A19103F-16F7-4668-BE54-9A1E7A4F7556}") = "Clients.Services", "Clients.Services\Clients.Services.csproj", "{BDCA210A-B08A-4175-A898-A62EFC9B8E80}"
EndProject
Project("{9A19103F-16F7-4668-BE54-9A1E7A4F7556}") = "Clients.Shared", "Clients.Shared\Clients.Shared.csproj", "{ED51BB54-9B74-45EE-AB5B-E0AED36BBE1D}"
EndProject
Project("{9A19103F-16F7-4668-BE54-9A1E7A4F7556}") = "Clients.Tests", "Clients.Tests\Clients.Tests.csproj", "{2012095E-4F05-4138-91EB-FA747E5710DE}"
EndProject
Project("{9A19103F-16F7-4668-BE54-9A1E7A4F7556}") = "DataBase", "DataBase\DataBase.csproj", "{81BDB5F4-4CE7-4017-AF58-BE1EEE620CAF}"
EndProject
Project("{9A19103F-16F7-4668-BE54-9A1E7A4F7556}") = "Infrastructure.Domain", "Infrastructure.Domain\Infrastructure.Domain.csproj", "{7B7DF5B9-89A6-4AEB-9F5B-11C50D05A663}"
EndProject
Global
	GlobalSection(SolutionConfigurationPlatforms) = preSolution
		Debug|Any CPU = Debug|Any CPU
		Release|Any CPU = Release|Any CPU
	EndGlobalSection
	GlobalSection(ProjectConfigurationPlatforms) = postSolution
		{A65E572C-4AB5-493E-8EB1-5A172C5AA874}.Debug|Any CPU.ActiveCfg = Debug|Any CPU
		{A65E572C-4AB5-493E-8EB1-5A172C5AA874}.Debug|Any CPU.Build.0 = Debug|Any CPU
		{A65E572C-4AB5-493E-8EB1-5A172C5AA874}.Release|Any CPU.ActiveCfg = Release|Any CPU
		{A65E572C-4AB5-493E-8EB1-5A172C5AA874}.Release|Any CPU.Build.0 = Release|Any CPU
		{CBE3AF3B-5DD3-45DB-9DB0-19FA777A87B8}.Debug|Any CPU.ActiveCfg = Debug|Any CPU
		{CBE3AF3B-5DD3-45DB-9DB0-19FA777A87B8}.Debug|Any CPU.Build.0 = Debug|Any CPU
		{CBE3AF3B-5DD3-45DB-9DB0-19FA777A87B8}.Release|Any CPU.ActiveCfg = Release|Any CPU
		{CBE3AF3B-5DD3-45DB-9DB0-19FA777A87B8}.Release|Any CPU.Build.0 = Release|Any CPU
		{4E5FEAE4-1762-4120-A507-169365BEF04A}.Debug|Any CPU.ActiveCfg = Debug|Any CPU
		{4E5FEAE4-1762-4120-A507-169365BEF04A}.Debug|Any CPU.Build.0 = Debug|Any CPU
		{4E5FEAE4-1762-4120-A507-169365BEF04A}.Release|Any CPU.ActiveCfg = Release|Any CPU
		{4E5FEAE4-1762-4120-A507-169365BEF04A}.Release|Any CPU.Build.0 = Release|Any CPU
		{818BD7FF-1AF6-4323-90AD-ADEE6056D3B8}.Debug|Any CPU.ActiveCfg = Debug|Any CPU
		{818BD7FF-1AF6-4323-90AD-ADEE6056D3B8}.Debug|Any CPU.Build.0 = Debug|Any CPU
		{818BD7FF-1AF6-4323-90AD-ADEE6056D3B8}.Release|Any CPU.ActiveCfg = Release|Any CPU
		{818BD7FF-1AF6-4323-90AD-ADEE6056D3B8}.Release|Any CPU.Build.0 = Release|Any CPU
		{351FFDB7-466B-4BED-8A17-E4581BA5C13E}.Debug|Any CPU.ActiveCfg = Debug|Any CPU
		{351FFDB7-466B-4BED-8A17-E4581BA5C13E}.Debug|Any CPU.Build.0 = Debug|Any CPU
		{351FFDB7-466B-4BED-8A17-E4581BA5C13E}.Release|Any CPU.ActiveCfg = Release|Any CPU
		{351FFDB7-466B-4BED-8A17-E4581BA5C13E}.Release|Any CPU.Build.0 = Release|Any CPU
		{E514B143-1C2B-43D6-9B73-EB3A9684DE0E}.Debug|Any CPU.ActiveCfg = Debug|Any CPU
		{E514B143-1C2B-43D6-9B73-EB3A9684DE0E}.Debug|Any CPU.Build.0 = Debug|Any CPU
		{E514B143-1C2B-43D6-9B73-EB3A9684DE0E}.Release|Any CPU.ActiveCfg = Release|Any CPU
		{E514B143-1C2B-43D6-9B73-EB3A9684DE0E}.Release|Any CPU.Build.0 = Release|Any CPU
		{84143E71-6D21-4B5D-B332-04D277256412}.Debug|Any CPU.ActiveCfg = Debug|Any CPU
		{84143E71-6D21-4B5D-B332-04D277256412}.Debug|Any CPU.Build.0 = Debug|Any CPU
		{84143E71-6D21-4B5D-B332-04D277256412}.Release|Any CPU.ActiveCfg = Release|Any CPU
		{84143E71-6D21-4B5D-B332-04D277256412}.Release|Any CPU.Build.0 = Release|Any CPU
		{C2B8D783-613F-4D79-9835-523FAF4646C7}.Debug|Any CPU.ActiveCfg = Debug|Any CPU
		{C2B8D783-613F-4D79-9835-523FAF4646C7}.Debug|Any CPU.Build.0 = Debug|Any CPU
		{C2B8D783-613F-4D79-9835-523FAF4646C7}.Release|Any CPU.ActiveCfg = Release|Any CPU
		{C2B8D783-613F-4D79-9835-523FAF4646C7}.Release|Any CPU.Build.0 = Release|Any CPU
		{27711AE6-52E1-4AC6-AD47-2AA11F65F307}.Debug|Any CPU.ActiveCfg = Debug|Any CPU
		{27711AE6-52E1-4AC6-AD47-2AA11F65F307}.Debug|Any CPU.Build.0 = Debug|Any CPU
		{27711AE6-52E1-4AC6-AD47-2AA11F65F307}.Release|Any CPU.ActiveCfg = Release|Any CPU
		{27711AE6-52E1-4AC6-AD47-2AA11F65F307}.Release|Any CPU.Build.0 = Release|Any CPU
		{D00BB5F0-126B-4580-B7A5-57EEAD1A5F04}.Debug|Any CPU.ActiveCfg = Debug|Any CPU
		{D00BB5F0-126B-4580-B7A5-57EEAD1A5F04}.Debug|Any CPU.Build.0 = Debug|Any CPU
		{D00BB5F0-126B-4580-B7A5-57EEAD1A5F04}.Release|Any CPU.ActiveCfg = Release|Any CPU
		{D00BB5F0-126B-4580-B7A5-57EEAD1A5F04}.Release|Any CPU.Build.0 = Release|Any CPU
		{1E4E6A6D-2A96-47A3-AF04-4E2327FD3CD6}.Debug|Any CPU.ActiveCfg = Debug|Any CPU
		{1E4E6A6D-2A96-47A3-AF04-4E2327FD3CD6}.Debug|Any CPU.Build.0 = Debug|Any CPU
		{1E4E6A6D-2A96-47A3-AF04-4E2327FD3CD6}.Release|Any CPU.ActiveCfg = Release|Any CPU
		{1E4E6A6D-2A96-47A3-AF04-4E2327FD3CD6}.Release|Any CPU.Build.0 = Release|Any CPU
		{36C124B7-3BDC-4A80-99A6-72FD99F36930}.Debug|Any CPU.ActiveCfg = Debug|Any CPU
		{36C124B7-3BDC-4A80-99A6-72FD99F36930}.Debug|Any CPU.Build.0 = Debug|Any CPU
		{36C124B7-3BDC-4A80-99A6-72FD99F36930}.Release|Any CPU.ActiveCfg = Release|Any CPU
		{36C124B7-3BDC-4A80-99A6-72FD99F36930}.Release|Any CPU.Build.0 = Release|Any CPU
		{18FD0340-8784-41BF-8CFC-A453CB54C374}.Debug|Any CPU.ActiveCfg = Debug|Any CPU
		{18FD0340-8784-41BF-8CFC-A453CB54C374}.Debug|Any CPU.Build.0 = Debug|Any CPU
		{18FD0340-8784-41BF-8CFC-A453CB54C374}.Release|Any CPU.ActiveCfg = Release|Any CPU
		{18FD0340-8784-41BF-8CFC-A453CB54C374}.Release|Any CPU.Build.0 = Release|Any CPU
		{9FB43BAD-1026-46C4-8DDB-7EB39984911D}.Debug|Any CPU.ActiveCfg = Debug|Any CPU
		{9FB43BAD-1026-46C4-8DDB-7EB39984911D}.Debug|Any CPU.Build.0 = Debug|Any CPU
		{9FB43BAD-1026-46C4-8DDB-7EB39984911D}.Release|Any CPU.ActiveCfg = Release|Any CPU
		{9FB43BAD-1026-46C4-8DDB-7EB39984911D}.Release|Any CPU.Build.0 = Release|Any CPU
		{3E075F45-04C3-4043-826A-8428095B912A}.Debug|Any CPU.ActiveCfg = Debug|Any CPU
		{3E075F45-04C3-4043-826A-8428095B912A}.Debug|Any CPU.Build.0 = Debug|Any CPU
		{3E075F45-04C3-4043-826A-8428095B912A}.Release|Any CPU.ActiveCfg = Release|Any CPU
		{3E075F45-04C3-4043-826A-8428095B912A}.Release|Any CPU.Build.0 = Release|Any CPU
		{BDCA210A-B08A-4175-A898-A62EFC9B8E80}.Debug|Any CPU.ActiveCfg = Debug|Any CPU
		{BDCA210A-B08A-4175-A898-A62EFC9B8E80}.Debug|Any CPU.Build.0 = Debug|Any CPU
		{BDCA210A-B08A-4175-A898-A62EFC9B8E80}.Release|Any CPU.ActiveCfg = Release|Any CPU
		{BDCA210A-B08A-4175-A898-A62EFC9B8E80}.Release|Any CPU.Build.0 = Release|Any CPU
		{ED51BB54-9B74-45EE-AB5B-E0AED36BBE1D}.Debug|Any CPU.ActiveCfg = Debug|Any CPU
		{ED51BB54-9B74-45EE-AB5B-E0AED36BBE1D}.Debug|Any CPU.Build.0 = Debug|Any CPU
		{ED51BB54-9B74-45EE-AB5B-E0AED36BBE1D}.Release|Any CPU.ActiveCfg = Release|Any CPU
		{ED51BB54-9B74-45EE-AB5B-E0AED36BBE1D}.Release|Any CPU.Build.0 = Release|Any CPU
		{2012095E-4F05-4138-91EB-FA747E5710DE}.Debug|Any CPU.ActiveCfg = Debug|Any CPU
		{2012095E-4F05-4138-91EB-FA747E5710DE}.Debug|Any CPU.Build.0 = Debug|Any CPU
		{2012095E-4F05-4138-91EB-FA747E5710DE}.Release|Any CPU.ActiveCfg = Release|Any CPU
		{2012095E-4F05-4138-91EB-FA747E5710DE}.Release|Any CPU.Build.0 = Release|Any CPU
		{81BDB5F4-4CE7-4017-AF58-BE1EEE620CAF}.Debug|Any CPU.ActiveCfg = Debug|Any CPU
		{81BDB5F4-4CE7-4017-AF58-BE1EEE620CAF}.Debug|Any CPU.Build.0 = Debug|Any CPU
		{81BDB5F4-4CE7-4017-AF58-BE1EEE620CAF}.Release|Any CPU.ActiveCfg = Release|Any CPU
		{81BDB5F4-4CE7-4017-AF58-BE1EEE620CAF}.Release|Any CPU.Build.0 = Release|Any CPU
		{7B7DF5B9-89A6-4AEB-9F5B-11C50D05A663}.Debug|Any CPU.ActiveCfg = Debug|Any CPU
		{7B7DF5B9-89A6-4AEB-9F5B-11C50D05A663}.Debug|Any CPU.Build.0 = Debug|Any CPU
		{7B7DF5B9-89A6-4AEB-9F5B-11C50D05A663}.Release|Any CPU.ActiveCfg = Release|Any CPU
		{7B7DF5B9-89A6-4AEB-9F5B-11C50D05A663}.Release|Any CPU.Build.0 = Release|Any CPU
	EndGlobalSection
	GlobalSection(SolutionProperties) = preSolution
		HideSolutionNode = FALSE
	EndGlobalSection
	GlobalSection(NestedProjects) = preSolution
		{CBE3AF3B-5DD3-45DB-9DB0-19FA777A87B8} = {38FDBDB5-6F29-487B-8CB7-C0AE636DB10E}
		{4E5FEAE4-1762-4120-A507-169365BEF04A} = {38FDBDB5-6F29-487B-8CB7-C0AE636DB10E}
		{818BD7FF-1AF6-4323-90AD-ADEE6056D3B8} = {38FDBDB5-6F29-487B-8CB7-C0AE636DB10E}
		{351FFDB7-466B-4BED-8A17-E4581BA5C13E} = {38FDBDB5-6F29-487B-8CB7-C0AE636DB10E}
		{E514B143-1C2B-43D6-9B73-EB3A9684DE0E} = {C76E3989-D55C-4BE6-AAB4-F924516A5FBE}
		{84143E71-6D21-4B5D-B332-04D277256412} = {C76E3989-D55C-4BE6-AAB4-F924516A5FBE}
		{C2B8D783-613F-4D79-9835-523FAF4646C7} = {C76E3989-D55C-4BE6-AAB4-F924516A5FBE}
		{27711AE6-52E1-4AC6-AD47-2AA11F65F307} = {C76E3989-D55C-4BE6-AAB4-F924516A5FBE}
		{D00BB5F0-126B-4580-B7A5-57EEAD1A5F04} = {E8FE49D4-4048-477E-BA20-66FA9D123D10}
		{1E4E6A6D-2A96-47A3-AF04-4E2327FD3CD6} = {E8FE49D4-4048-477E-BA20-66FA9D123D10}
		{36C124B7-3BDC-4A80-99A6-72FD99F36930} = {E8FE49D4-4048-477E-BA20-66FA9D123D10}
		{18FD0340-8784-41BF-8CFC-A453CB54C374} = {E8FE49D4-4048-477E-BA20-66FA9D123D10}
		{9FB43BAD-1026-46C4-8DDB-7EB39984911D} = {913F79FE-0319-4AEA-B094-501AA19D6EEC}
		{3E075F45-04C3-4043-826A-8428095B912A} = {597F64E3-66A7-428E-BB22-0D366CC3E279}
		{BDCA210A-B08A-4175-A898-A62EFC9B8E80} = {597F64E3-66A7-428E-BB22-0D366CC3E279}
		{ED51BB54-9B74-45EE-AB5B-E0AED36BBE1D} = {597F64E3-66A7-428E-BB22-0D366CC3E279}
		{2012095E-4F05-4138-91EB-FA747E5710DE} = {597F64E3-66A7-428E-BB22-0D366CC3E279}
		{7B7DF5B9-89A6-4AEB-9F5B-11C50D05A663} = {C864CD8D-A8BD-4CDE-B684-3E0CA69EC3A3}
	EndGlobalSection
	GlobalSection(ExtensibilityGlobals) = postSolution
		SolutionGuid = {A8457E72-1DED-4F4C-BE24-4BB725FD39E1}
	EndGlobalSection
EndGlobal
